
Microsoft Visual Studio Solution File, Format Version 12.00
# Visual Studio 15
VisualStudioVersion = 15.0.27130.2010
MinimumVisualStudioVersion = 10.0.40219.1
Project("{8BC9CEB8-8B4A-11D0-8D11-00A0C91BC942}") = "Commanders", "Commanders.vcxproj", "{9B47755B-558D-4577-9C7F-4E573605CAE3}"
EndProject
Global
	GlobalSection(SolutionConfigurationPlatforms) = preSolution
		Debug|x64 = Debug|x64
		Release|x64 = Release|x64
	EndGlobalSection
	GlobalSection(ProjectConfigurationPlatforms) = postSolution
		{9B47755B-558D-4577-9C7F-4E573605CAE3}.Debug|x64.ActiveCfg = Debug|x64
		{9B47755B-558D-4577-9C7F-4E573605CAE3}.Debug|x64.Build.0 = Debug|x64
		{9B47755B-558D-4577-9C7F-4E573605CAE3}.Release|x64.ActiveCfg = Release|x64
		{9B47755B-558D-4577-9C7F-4E573605CAE3}.Release|x64.Build.0 = Release|x64
	EndGlobalSection
	GlobalSection(SolutionProperties) = preSolution
		HideSolutionNode = FALSE
	EndGlobalSection
	GlobalSection(ExtensibilityGlobals) = postSolution
		SolutionGuid = {1A026227-CC57-4E4E-88F6-A11FFE88C400}
	EndGlobalSection
EndGlobal
